<?xml version="1.0" encoding="utf-8"?>
<Project ToolsVersion="4.0" xmlns="http://schemas.microsoft.com/developer/msbuild/2003">
  <ItemGroup>
    <ClCompile Include="main.cpp" />
    <ClCompile Include="Engine\WinApp.cpp">
      <Filter>Engine\Source</Filter>
    </ClCompile>
    <ClCompile Include="Engine\DirectXCommon.cpp">
      <Filter>Engine\Source</Filter>
    </ClCompile>
    <ClCompile Include="Lib\Math\Vector2.cpp">
      <Filter>Lib\Math\Source</Filter>
    </ClCompile>
    <ClCompile Include="Engine\Engine.cpp">
      <Filter>Engine\Adapter</Filter>
    </ClCompile>
    <ClCompile Include="GameManager\GameManager.cpp">
      <Filter>GameManager</Filter>
    </ClCompile>
    <ClCompile Include="Scene\IScene.cpp">
      <Filter>Scene\Interface</Filter>
    </ClCompile>
    <ClCompile Include="Scene\ITransition.cpp">
      <Filter>Scene\Interface</Filter>
    </ClCompile>
    <ClCompile Include="Scene\Transitions\NormalTransition.cpp">
      <Filter>Scene\Transitons\Source</Filter>
    </ClCompile>
    <ClCompile Include="Scene\Scenes\Scene_Game.cpp">
      <Filter>Scene\Scenes\Source</Filter>
    </ClCompile>
  </ItemGroup>
  <ItemGroup>
    <Filter Include="Engine">
      <UniqueIdentifier>{a00e76b4-c44a-4923-a176-a626158475f3}</UniqueIdentifier>
    </Filter>
    <Filter Include="Engine\Include">
      <UniqueIdentifier>{d7d335ac-5bdb-4b9d-920c-dbac6ab314b6}</UniqueIdentifier>
    </Filter>
    <Filter Include="Engine\Source">
      <UniqueIdentifier>{91da0505-6055-47be-874a-d1351f3a7a73}</UniqueIdentifier>
    </Filter>
    <Filter Include="Lib">
      <UniqueIdentifier>{a4dfc9de-888e-48a7-965a-128739c90515}</UniqueIdentifier>
    </Filter>
    <Filter Include="Lib\Math">
      <UniqueIdentifier>{4263c13e-1e95-4a5a-abb3-43380cbaae02}</UniqueIdentifier>
    </Filter>
    <Filter Include="Lib\Math\Include">
      <UniqueIdentifier>{926fb700-cb67-4a78-9688-7d97188355e4}</UniqueIdentifier>
    </Filter>
    <Filter Include="Lib\Math\Source">
      <UniqueIdentifier>{f53ee9c8-a688-4092-bdf1-dc94ec7e6ede}</UniqueIdentifier>
    </Filter>
    <Filter Include="Engine\Adapter">
      <UniqueIdentifier>{19a40bb7-e490-4ba6-a8e6-acd8c78e31a5}</UniqueIdentifier>
    </Filter>
    <Filter Include="Scene">
      <UniqueIdentifier>{ec8fc508-e774-444b-8d03-626510fa4b41}</UniqueIdentifier>
    </Filter>
    <Filter Include="GameManager">
      <UniqueIdentifier>{741a5a1a-add4-47d9-bd49-12109f1821b4}</UniqueIdentifier>
    </Filter>
    <Filter Include="Scene\Interface">
      <UniqueIdentifier>{1d9a6a34-c5b0-4ab7-960c-a7d935db54fc}</UniqueIdentifier>
    </Filter>
    <Filter Include="Scene\Scenes">
      <UniqueIdentifier>{a93eab8d-c52c-495d-a935-c59fd1fcd46b}</UniqueIdentifier>
    </Filter>
    <Filter Include="Scene\Scenes\Include">
      <UniqueIdentifier>{e7b3a5e5-2503-4a09-b585-0fa224af755d}</UniqueIdentifier>
    </Filter>
    <Filter Include="Scene\Scenes\Source">
      <UniqueIdentifier>{e0e2cb65-69ca-45cf-a029-f1697721fc98}</UniqueIdentifier>
    </Filter>
    <Filter Include="Scene\Transitons">
      <UniqueIdentifier>{6aaa3196-1dd1-4925-a630-3c43faa906f8}</UniqueIdentifier>
    </Filter>
    <Filter Include="Scene\Transitons\Include">
      <UniqueIdentifier>{7646b005-cd88-40a2-9fc8-aa954f0ede86}</UniqueIdentifier>
    </Filter>
    <Filter Include="Scene\Transitons\Source">
      <UniqueIdentifier>{246f6a36-0101-46a8-a9b0-0911abfea24c}</UniqueIdentifier>
    </Filter>
  </ItemGroup>
  <ItemGroup>
    <ClInclude Include="Engine\WinApp.h">
      <Filter>Engine\Include</Filter>
    </ClInclude>
    <ClInclude Include="Engine\DirectXCommon.h">
      <Filter>Engine\Include</Filter>
    </ClInclude>
    <ClInclude Include="Lib\Math\Vector2.h">
      <Filter>Lib\Math\Include</Filter>
    </ClInclude>
    <ClInclude Include="Engine\Engine.h">
      <Filter>Engine\Adapter</Filter>
    </ClInclude>
    <ClInclude Include="GameManager\GameManager.h">
      <Filter>GameManager</Filter>
    </ClInclude>
    <ClInclude Include="Scene\IScene.h">
      <Filter>Scene\Interface</Filter>
    </ClInclude>
    <ClInclude Include="Scene\ITransition.h">
      <Filter>Scene\Interface</Filter>
    </ClInclude>
    <ClInclude Include="Scene\Transitions\NormalTransition.h">
      <Filter>Scene\Transitons\Include</Filter>
    </ClInclude>
    <ClInclude Include="Engine\SafeDelete.h">
      <Filter>Engine\Include</Filter>
    </ClInclude>
    <ClInclude Include="Scene\Scenes\Scene_Game.h">
      <Filter>Scene\Scenes\Include</Filter>
    </ClInclude>
  </ItemGroup>
</Project>